
Microsoft Visual Studio Solution File, Format Version 12.00
# Visual Studio Version 17
VisualStudioVersion = 17.14.36705.20 d17.14
MinimumVisualStudioVersion = 10.0.40219.1
Project("{FAE04EC0-301F-11D3-BF4B-00C04F79EFBC}") = "Project_Photo", "Project_Photo\Project_Photo.csproj", "{46B2704E-DDE4-49E7-8668-D5C11A363193}"
EndProject
Global
	GlobalSection(SolutionConfigurationPlatforms) = preSolution
		Debug|Any CPU = Debug|Any CPU
		Release|Any CPU = Release|Any CPU
	EndGlobalSection
	GlobalSection(ProjectConfigurationPlatforms) = postSolution
		{46B2704E-DDE4-49E7-8668-D5C11A363193}.Debug|Any CPU.ActiveCfg = Debug|Any CPU
		{46B2704E-DDE4-49E7-8668-D5C11A363193}.Debug|Any CPU.Build.0 = Debug|Any CPU
		{46B2704E-DDE4-49E7-8668-D5C11A363193}.Release|Any CPU.ActiveCfg = Release|Any CPU
		{46B2704E-DDE4-49E7-8668-D5C11A363193}.Release|Any CPU.Build.0 = Release|Any CPU
	EndGlobalSection
	GlobalSection(SolutionProperties) = preSolution
		HideSolutionNode = FALSE
	EndGlobalSection
	GlobalSection(ExtensibilityGlobals) = postSolution
		SolutionGuid = {89E795C0-88E3-44A5-BFDA-8F682D763EA9}
	EndGlobalSection
EndGlobal
